
Microsoft Visual Studio Solution File, Format Version 12.00
# Visual Studio Version 17
VisualStudioVersion = 17.5.33516.290
MinimumVisualStudioVersion = 10.0.40219.1
Project("{FAE04EC0-301F-11D3-BF4B-00C04F79EFBC}") = "Github2", "Github2\Github2.csproj", "{8AB955E4-1405-41A3-A996-735C49269F0B}"
EndProject
Global
	GlobalSection(SolutionConfigurationPlatforms) = preSolution
		Debug|Any CPU = Debug|Any CPU
		Release|Any CPU = Release|Any CPU
	EndGlobalSection
	GlobalSection(ProjectConfigurationPlatforms) = postSolution
		{8AB955E4-1405-41A3-A996-735C49269F0B}.Debug|Any CPU.ActiveCfg = Debug|Any CPU
		{8AB955E4-1405-41A3-A996-735C49269F0B}.Debug|Any CPU.Build.0 = Debug|Any CPU
		{8AB955E4-1405-41A3-A996-735C49269F0B}.Release|Any CPU.ActiveCfg = Release|Any CPU
		{8AB955E4-1405-41A3-A996-735C49269F0B}.Release|Any CPU.Build.0 = Release|Any CPU
	EndGlobalSection
	GlobalSection(SolutionProperties) = preSolution
		HideSolutionNode = FALSE
	EndGlobalSection
	GlobalSection(ExtensibilityGlobals) = postSolution
		SolutionGuid = {C23F2D79-688E-44BB-BDB2-9BF795EBCC55}
	EndGlobalSection
EndGlobal
